
Microsoft Visual Studio Solution File, Format Version 12.00
Project("{FAE04EC0-301F-11D3-BF4B-00C04F79EFBC}") = "SourceCode", "SourceCode\SourceCode.csproj", "{CE6311DE-7D4C-4452-8517-533A01E1FDF1}"
EndProject
Global
	GlobalSection(SolutionConfigurationPlatforms) = preSolution
		Debug|Any CPU = Debug|Any CPU
		Release|Any CPU = Release|Any CPU
	EndGlobalSection
	GlobalSection(ProjectConfigurationPlatforms) = postSolution
		{CE6311DE-7D4C-4452-8517-533A01E1FDF1}.Debug|Any CPU.ActiveCfg = Debug|Any CPU
		{CE6311DE-7D4C-4452-8517-533A01E1FDF1}.Debug|Any CPU.Build.0 = Debug|Any CPU
		{CE6311DE-7D4C-4452-8517-533A01E1FDF1}.Release|Any CPU.ActiveCfg = Release|Any CPU
		{CE6311DE-7D4C-4452-8517-533A01E1FDF1}.Release|Any CPU.Build.0 = Release|Any CPU
	EndGlobalSection
EndGlobal
